// !$*UTF8*$!
{
	archiveVersion = 1;
	classes = {
	};
	objectVersion = 51;
	objects = {

/* Begin PBXBuildFile section */
		245C6701CB51935707456AC4 /* Pods_NIBM_Events.framework in Frameworks */ = {isa = PBXBuildFile; fileRef = 91D6E572E173F75270BC5A7F /* Pods_NIBM_Events.framework */; };
		2C33111A57EDBFC67C7C4537 /* Pods_NIBM_EventsTests.framework in Frameworks */ = {isa = PBXBuildFile; fileRef = 64DDB9828C619F3F42C71AD4 /* Pods_NIBM_EventsTests.framework */; };
		590758E5CC2176AB44B35FFD /* Pods_NIBM_Events_NIBM_EventsUITests.framework in Frameworks */ = {isa = PBXBuildFile; fileRef = CB449CFBEC948D72CC57102B /* Pods_NIBM_Events_NIBM_EventsUITests.framework */; };
		C014437A2406919400C62AE8 /* AddEventViewExtention.swift in Sources */ = {isa = PBXBuildFile; fileRef = C01443792406919400C62AE8 /* AddEventViewExtention.swift */; };
		C014437F24069A2D00C62AE8 /* LocationDetails.swift in Sources */ = {isa = PBXBuildFile; fileRef = C014437E24069A2D00C62AE8 /* LocationDetails.swift */; };
		C0144382240705AB00C62AE8 /* UpdateEventViewController.swift in Sources */ = {isa = PBXBuildFile; fileRef = C0144381240705AB00C62AE8 /* UpdateEventViewController.swift */; };
		C0144384240706CB00C62AE8 /* UpdateEventDataToFirebase.swift in Sources */ = {isa = PBXBuildFile; fileRef = C0144383240706CB00C62AE8 /* UpdateEventDataToFirebase.swift */; };
		C0144386240709D000C62AE8 /* UpdateEventStruct.swift in Sources */ = {isa = PBXBuildFile; fileRef = C0144385240709D000C62AE8 /* UpdateEventStruct.swift */; };
		C01443A02407AD6F00C62AE8 /* ImageCompress.swift in Sources */ = {isa = PBXBuildFile; fileRef = C014439F2407AD6F00C62AE8 /* ImageCompress.swift */; };
		C01443A22407B8C800C62AE8 /* UpdateEventExtension.swift in Sources */ = {isa = PBXBuildFile; fileRef = C01443A12407B8C800C62AE8 /* UpdateEventExtension.swift */; };
		C01443A42407FAF700C62AE8 /* EventDetailsExtension.swift in Sources */ = {isa = PBXBuildFile; fileRef = C01443A32407FAF700C62AE8 /* EventDetailsExtension.swift */; };
		C01443A7240805EB00C62AE8 /* Comments.swift in Sources */ = {isa = PBXBuildFile; fileRef = C01443A6240805EB00C62AE8 /* Comments.swift */; };
		C01443A9240806EB00C62AE8 /* AddCommentsToFireBase.swift in Sources */ = {isa = PBXBuildFile; fileRef = C01443A8240806EB00C62AE8 /* AddCommentsToFireBase.swift */; };
		C01443AB240810E200C62AE8 /* EventBoardExtension.swift in Sources */ = {isa = PBXBuildFile; fileRef = C01443AA240810E200C62AE8 /* EventBoardExtension.swift */; };
		C01443AD240811B200C62AE8 /* HomeTableExtension.swift in Sources */ = {isa = PBXBuildFile; fileRef = C01443AC240811B200C62AE8 /* HomeTableExtension.swift */; };
		C01443AF2408178700C62AE8 /* CommentCell.swift in Sources */ = {isa = PBXBuildFile; fileRef = C01443AE2408178700C62AE8 /* CommentCell.swift */; };
		C01443B22408198700C62AE8 /* CommentsModel.swift in Sources */ = {isa = PBXBuildFile; fileRef = C01443B12408198700C62AE8 /* CommentsModel.swift */; };
		C01443B4240832C900C62AE8 /* Currentdate.swift in Sources */ = {isa = PBXBuildFile; fileRef = C01443B3240832C900C62AE8 /* Currentdate.swift */; };
		C01443B624083C3200C62AE8 /* RetrieveCurrentUserDetails.swift in Sources */ = {isa = PBXBuildFile; fileRef = C01443B524083C3200C62AE8 /* RetrieveCurrentUserDetails.swift */; };
		C01443B82408536600C62AE8 /* SignUPExtension.swift in Sources */ = {isa = PBXBuildFile; fileRef = C01443B72408536600C62AE8 /* SignUPExtension.swift */; };
		C01443BA2408549400C62AE8 /* LoginViewControllerExtension.swift in Sources */ = {isa = PBXBuildFile; fileRef = C01443B92408549400C62AE8 /* LoginViewControllerExtension.swift */; };
		C01443BC2408571600C62AE8 /* PublisherExtrnsion.swift in Sources */ = {isa = PBXBuildFile; fileRef = C01443BB2408571600C62AE8 /* PublisherExtrnsion.swift */; };
		C01443BE2408579900C62AE8 /* MyProfileExtension.swift in Sources */ = {isa = PBXBuildFile; fileRef = C01443BD2408579900C62AE8 /* MyProfileExtension.swift */; };
		C01CA941240A5DBC003BA099 /* PasswordForgetViewControllerExtension.swift in Sources */ = {isa = PBXBuildFile; fileRef = C01CA940240A5DBC003BA099 /* PasswordForgetViewControllerExtension.swift */; };
		C033B28A23E9601000726A03 /* AppDelegate.swift in Sources */ = {isa = PBXBuildFile; fileRef = C033B28923E9601000726A03 /* AppDelegate.swift */; };
		C033B28F23E9601000726A03 /* Main.storyboard in Resources */ = {isa = PBXBuildFile; fileRef = C033B28D23E9601000726A03 /* Main.storyboard */; };
		C033B29223E9601000726A03 /* NIBM_Events.xcdatamodeld in Sources */ = {isa = PBXBuildFile; fileRef = C033B29023E9601000726A03 /* NIBM_Events.xcdatamodeld */; };
		C033B29423E9601100726A03 /* Assets.xcassets in Resources */ = {isa = PBXBuildFile; fileRef = C033B29323E9601100726A03 /* Assets.xcassets */; };
		C033B29723E9601100726A03 /* LaunchScreen.storyboard in Resources */ = {isa = PBXBuildFile; fileRef = C033B29523E9601100726A03 /* LaunchScreen.storyboard */; };
		C033B2A223E9601100726A03 /* NIBM_EventsTests.swift in Sources */ = {isa = PBXBuildFile; fileRef = C033B2A123E9601100726A03 /* NIBM_EventsTests.swift */; };
		C033B2AD23E9601100726A03 /* NIBM_EventsUITests.swift in Sources */ = {isa = PBXBuildFile; fileRef = C033B2AC23E9601100726A03 /* NIBM_EventsUITests.swift */; };
		C061DD7F240454EE002E3E6E /* GoingCountStruct.swift in Sources */ = {isa = PBXBuildFile; fileRef = C061DD7E240454EE002E3E6E /* GoingCountStruct.swift */; };
		C061DD812404FEED002E3E6E /* UserStruct.swift in Sources */ = {isa = PBXBuildFile; fileRef = C061DD802404FEED002E3E6E /* UserStruct.swift */; };
		C061DD83240512F0002E3E6E /* AddGoingCountDataToFirebase.swift in Sources */ = {isa = PBXBuildFile; fileRef = C061DD82240512F0002E3E6E /* AddGoingCountDataToFirebase.swift */; };
		C061DD85240518D7002E3E6E /* CreateEventStruct.swift in Sources */ = {isa = PBXBuildFile; fileRef = C061DD84240518D7002E3E6E /* CreateEventStruct.swift */; };
		C061DD8724051D65002E3E6E /* AddEventDataFireBase.swift in Sources */ = {isa = PBXBuildFile; fileRef = C061DD8624051D65002E3E6E /* AddEventDataFireBase.swift */; };
		C061DD892405AFDF002E3E6E /* RetrieveGoingDataFromFirebase.swift in Sources */ = {isa = PBXBuildFile; fileRef = C061DD882405AFDF002E3E6E /* RetrieveGoingDataFromFirebase.swift */; };
		C07F199723EF2564004AD08D /* TransitionVC.swift in Sources */ = {isa = PBXBuildFile; fileRef = C07F199623EF2564004AD08D /* TransitionVC.swift */; };
		C07F199A23EF259B004AD08D /* AlertMessages.swift in Sources */ = {isa = PBXBuildFile; fileRef = C07F199923EF259B004AD08D /* AlertMessages.swift */; };
		C07F199C23EF25E0004AD08D /* CheckPasswordAndEmail.swift in Sources */ = {isa = PBXBuildFile; fileRef = C07F199B23EF25E0004AD08D /* CheckPasswordAndEmail.swift */; };
		C07F199E23EF265A004AD08D /* TouchFaceIDAuthentication.swift in Sources */ = {isa = PBXBuildFile; fileRef = C07F199D23EF265A004AD08D /* TouchFaceIDAuthentication.swift */; };
		C07F19A823EF2EF5004AD08D /* SignOutAction.swift in Sources */ = {isa = PBXBuildFile; fileRef = C07F19A723EF2EF5004AD08D /* SignOutAction.swift */; };
		C07F19B123F14EC9004AD08D /* TextFieldUtilities.swift in Sources */ = {isa = PBXBuildFile; fileRef = C07F19B023F14EC9004AD08D /* TextFieldUtilities.swift */; };
		C07F19B623F2918E004AD08D /* PasswordUtilities.swift in Sources */ = {isa = PBXBuildFile; fileRef = C07F19B523F2918E004AD08D /* PasswordUtilities.swift */; };
		C07F19B823F29226004AD08D /* EmailUtilities.swift in Sources */ = {isa = PBXBuildFile; fileRef = C07F19B723F29226004AD08D /* EmailUtilities.swift */; };
		C07F19C023F39027004AD08D /* CheckUserLoginStatus.swift in Sources */ = {isa = PBXBuildFile; fileRef = C07F19BF23F39027004AD08D /* CheckUserLoginStatus.swift */; };
		C07F19C223F3D332004AD08D /* CurrentUserDataRetrivel.swift in Sources */ = {isa = PBXBuildFile; fileRef = C07F19C123F3D332004AD08D /* CurrentUserDataRetrivel.swift */; };
		C07F19C423F54562004AD08D /* UIImageUtilities.swift in Sources */ = {isa = PBXBuildFile; fileRef = C07F19C323F54562004AD08D /* UIImageUtilities.swift */; };
		C07F19C623F55E7B004AD08D /* FloatingTextField.swift in Sources */ = {isa = PBXBuildFile; fileRef = C07F19C523F55E7A004AD08D /* FloatingTextField.swift */; };
		C09DD52723ED32F400EDA0CB /* GoogleService-Info.plist in Resources */ = {isa = PBXBuildFile; fileRef = C09DD52623ED32F300EDA0CB /* GoogleService-Info.plist */; };
		C09DD52A23ED3B3200EDA0CB /* LoginViewController.swift in Sources */ = {isa = PBXBuildFile; fileRef = C09DD52923ED3B3200EDA0CB /* LoginViewController.swift */; };
		C09DD52C23ED3B6D00EDA0CB /* SignUPViewController.swift in Sources */ = {isa = PBXBuildFile; fileRef = C09DD52B23ED3B6D00EDA0CB /* SignUPViewController.swift */; };
		C09DD52F23ED46A300EDA0CB /* ButtonUtilities.swift in Sources */ = {isa = PBXBuildFile; fileRef = C09DD52E23ED46A300EDA0CB /* ButtonUtilities.swift */; };
		C09DD53123EEFA7300EDA0CB /* PasswordForgetViewController.swift in Sources */ = {isa = PBXBuildFile; fileRef = C09DD53023EEFA7300EDA0CB /* PasswordForgetViewController.swift */; };
		C09E107923F66C7100B26D78 /* MyProfileViewController.swift in Sources */ = {isa = PBXBuildFile; fileRef = C09E107823F66C7100B26D78 /* MyProfileViewController.swift */; };
		C09E107B23F6798E00B26D78 /* LabelUtilities.swift in Sources */ = {isa = PBXBuildFile; fileRef = C09E107A23F6798E00B26D78 /* LabelUtilities.swift */; };
		C09E107D23F6B50500B26D78 /* AddEventViewController.swift in Sources */ = {isa = PBXBuildFile; fileRef = C09E107C23F6B50500B26D78 /* AddEventViewController.swift */; };
		C09E10A823FBC14300B26D78 /* User.storyboard in Resources */ = {isa = PBXBuildFile; fileRef = C09E10A723FBC14200B26D78 /* User.storyboard */; };
		C09E10AA23FBC9E000B26D78 /* EventBoardViewController.swift in Sources */ = {isa = PBXBuildFile; fileRef = C09E10A923FBC9E000B26D78 /* EventBoardViewController.swift */; };
		C09E10B423FCF33E00B26D78 /* HomeTableViewCell.swift in Sources */ = {isa = PBXBuildFile; fileRef = C09E10B323FCF33E00B26D78 /* HomeTableViewCell.swift */; };
		C09E10B723FCF58200B26D78 /* EventModel.swift in Sources */ = {isa = PBXBuildFile; fileRef = C09E10B623FCF58200B26D78 /* EventModel.swift */; };
		C09E10BD23FF866800B26D78 /* PublisherViewController.swift in Sources */ = {isa = PBXBuildFile; fileRef = C09E10BC23FF866800B26D78 /* PublisherViewController.swift */; };
		C09E10C023FF875A00B26D78 /* UserModel.swift in Sources */ = {isa = PBXBuildFile; fileRef = C09E10BF23FF875A00B26D78 /* UserModel.swift */; };
		C09E10C223FFBC5100B26D78 /* EventDetailsViewController.swift in Sources */ = {isa = PBXBuildFile; fileRef = C09E10C123FFBC5000B26D78 /* EventDetailsViewController.swift */; };
/* End PBXBuildFile section */

/* Begin PBXContainerItemProxy section */
		C033B29E23E9601100726A03 /* PBXContainerItemProxy */ = {
			isa = PBXContainerItemProxy;
			containerPortal = C033B27E23E9601000726A03 /* Project object */;
			proxyType = 1;
			remoteGlobalIDString = C033B28523E9601000726A03;
			remoteInfo = "NIBM Events";
		};
		C033B2A923E9601100726A03 /* PBXContainerItemProxy */ = {
			isa = PBXContainerItemProxy;
			containerPortal = C033B27E23E9601000726A03 /* Project object */;
			proxyType = 1;
			remoteGlobalIDString = C033B28523E9601000726A03;
			remoteInfo = "NIBM Events";
		};
/* End PBXContainerItemProxy section */

/* Begin PBXFileReference section */
		38E8F2E19FEFD04C93865504 /* Pods-NIBM EventsTests.debug.xcconfig */ = {isa = PBXFileReference; includeInIndex = 1; lastKnownFileType = text.xcconfig; name = "Pods-NIBM EventsTests.debug.xcconfig"; path = "Target Support Files/Pods-NIBM EventsTests/Pods-NIBM EventsTests.debug.xcconfig"; sourceTree = "<group>"; };
		3AF9C44B23CEDCEC13CA1A2F /* Pods-NIBM EventsTests.release.xcconfig */ = {isa = PBXFileReference; includeInIndex = 1; lastKnownFileType = text.xcconfig; name = "Pods-NIBM EventsTests.release.xcconfig"; path = "Target Support Files/Pods-NIBM EventsTests/Pods-NIBM EventsTests.release.xcconfig"; sourceTree = "<group>"; };
		3B597D712685FDD3E60385A5 /* Pods-NIBM Events-NIBM EventsUITests.release.xcconfig */ = {isa = PBXFileReference; includeInIndex = 1; lastKnownFileType = text.xcconfig; name = "Pods-NIBM Events-NIBM EventsUITests.release.xcconfig"; path = "Target Support Files/Pods-NIBM Events-NIBM EventsUITests/Pods-NIBM Events-NIBM EventsUITests.release.xcconfig"; sourceTree = "<group>"; };
		62EEC832AC09BAFB00E0F0A1 /* Pods-NIBM Events-NIBM EventsUITests.debug.xcconfig */ = {isa = PBXFileReference; includeInIndex = 1; lastKnownFileType = text.xcconfig; name = "Pods-NIBM Events-NIBM EventsUITests.debug.xcconfig"; path = "Target Support Files/Pods-NIBM Events-NIBM EventsUITests/Pods-NIBM Events-NIBM EventsUITests.debug.xcconfig"; sourceTree = "<group>"; };
		64DDB9828C619F3F42C71AD4 /* Pods_NIBM_EventsTests.framework */ = {isa = PBXFileReference; explicitFileType = wrapper.framework; includeInIndex = 0; path = Pods_NIBM_EventsTests.framework; sourceTree = BUILT_PRODUCTS_DIR; };
		91D6E572E173F75270BC5A7F /* Pods_NIBM_Events.framework */ = {isa = PBXFileReference; explicitFileType = wrapper.framework; includeInIndex = 0; path = Pods_NIBM_Events.framework; sourceTree = BUILT_PRODUCTS_DIR; };
		BCDD54C6B36B0D637AB703AA /* Pods-NIBM Events.release.xcconfig */ = {isa = PBXFileReference; includeInIndex = 1; lastKnownFileType = text.xcconfig; name = "Pods-NIBM Events.release.xcconfig"; path = "Target Support Files/Pods-NIBM Events/Pods-NIBM Events.release.xcconfig"; sourceTree = "<group>"; };
		C01443792406919400C62AE8 /* AddEventViewExtention.swift */ = {isa = PBXFileReference; lastKnownFileType = sourcecode.swift; path = AddEventViewExtention.swift; sourceTree = "<group>"; };
		C014437E24069A2D00C62AE8 /* LocationDetails.swift */ = {isa = PBXFileReference; lastKnownFileType = sourcecode.swift; path = LocationDetails.swift; sourceTree = "<group>"; };
		C0144381240705AB00C62AE8 /* UpdateEventViewController.swift */ = {isa = PBXFileReference; lastKnownFileType = sourcecode.swift; path = UpdateEventViewController.swift; sourceTree = "<group>"; };
		C0144383240706CB00C62AE8 /* UpdateEventDataToFirebase.swift */ = {isa = PBXFileReference; lastKnownFileType = sourcecode.swift; path = UpdateEventDataToFirebase.swift; sourceTree = "<group>"; };
		C0144385240709D000C62AE8 /* UpdateEventStruct.swift */ = {isa = PBXFileReference; lastKnownFileType = sourcecode.swift; path = UpdateEventStruct.swift; sourceTree = "<group>"; };
		C014439F2407AD6F00C62AE8 /* ImageCompress.swift */ = {isa = PBXFileReference; lastKnownFileType = sourcecode.swift; path = ImageCompress.swift; sourceTree = "<group>"; };
		C01443A12407B8C800C62AE8 /* UpdateEventExtension.swift */ = {isa = PBXFileReference; lastKnownFileType = sourcecode.swift; path = UpdateEventExtension.swift; sourceTree = "<group>"; };
		C01443A32407FAF700C62AE8 /* EventDetailsExtension.swift */ = {isa = PBXFileReference; lastKnownFileType = sourcecode.swift; path = EventDetailsExtension.swift; sourceTree = "<group>"; };
		C01443A6240805EB00C62AE8 /* Comments.swift */ = {isa = PBXFileReference; lastKnownFileType = sourcecode.swift; path = Comments.swift; sourceTree = "<group>"; };
		C01443A8240806EB00C62AE8 /* AddCommentsToFireBase.swift */ = {isa = PBXFileReference; lastKnownFileType = sourcecode.swift; path = AddCommentsToFireBase.swift; sourceTree = "<group>"; };
		C01443AA240810E200C62AE8 /* EventBoardExtension.swift */ = {isa = PBXFileReference; lastKnownFileType = sourcecode.swift; path = EventBoardExtension.swift; sourceTree = "<group>"; };
		C01443AC240811B200C62AE8 /* HomeTableExtension.swift */ = {isa = PBXFileReference; lastKnownFileType = sourcecode.swift; path = HomeTableExtension.swift; sourceTree = "<group>"; };
		C01443AE2408178700C62AE8 /* CommentCell.swift */ = {isa = PBXFileReference; lastKnownFileType = sourcecode.swift; path = CommentCell.swift; sourceTree = "<group>"; };
		C01443B12408198700C62AE8 /* CommentsModel.swift */ = {isa = PBXFileReference; lastKnownFileType = sourcecode.swift; path = CommentsModel.swift; sourceTree = "<group>"; };
		C01443B3240832C900C62AE8 /* Currentdate.swift */ = {isa = PBXFileReference; lastKnownFileType = sourcecode.swift; path = Currentdate.swift; sourceTree = "<group>"; };
		C01443B524083C3200C62AE8 /* RetrieveCurrentUserDetails.swift */ = {isa = PBXFileReference; lastKnownFileType = sourcecode.swift; path = RetrieveCurrentUserDetails.swift; sourceTree = "<group>"; };
		C01443B72408536600C62AE8 /* SignUPExtension.swift */ = {isa = PBXFileReference; lastKnownFileType = sourcecode.swift; path = SignUPExtension.swift; sourceTree = "<group>"; };
		C01443B92408549400C62AE8 /* LoginViewControllerExtension.swift */ = {isa = PBXFileReference; lastKnownFileType = sourcecode.swift; path = LoginViewControllerExtension.swift; sourceTree = "<group>"; };
		C01443BB2408571600C62AE8 /* PublisherExtrnsion.swift */ = {isa = PBXFileReference; lastKnownFileType = sourcecode.swift; path = PublisherExtrnsion.swift; sourceTree = "<group>"; };
		C01443BD2408579900C62AE8 /* MyProfileExtension.swift */ = {isa = PBXFileReference; lastKnownFileType = sourcecode.swift; path = MyProfileExtension.swift; sourceTree = "<group>"; };
		C01CA940240A5DBC003BA099 /* PasswordForgetViewControllerExtension.swift */ = {isa = PBXFileReference; lastKnownFileType = sourcecode.swift; path = PasswordForgetViewControllerExtension.swift; sourceTree = "<group>"; };
		C033B28623E9601000726A03 /* NIBM Events.app */ = {isa = PBXFileReference; explicitFileType = wrapper.application; includeInIndex = 0; path = "NIBM Events.app"; sourceTree = BUILT_PRODUCTS_DIR; };
		C033B28923E9601000726A03 /* AppDelegate.swift */ = {isa = PBXFileReference; lastKnownFileType = sourcecode.swift; path = AppDelegate.swift; sourceTree = "<group>"; };
		C033B28E23E9601000726A03 /* Base */ = {isa = PBXFileReference; lastKnownFileType = file.storyboard; name = Base; path = Base.lproj/Main.storyboard; sourceTree = "<group>"; };
		C033B29123E9601000726A03 /* NIBM_Events.xcdatamodel */ = {isa = PBXFileReference; lastKnownFileType = wrapper.xcdatamodel; path = NIBM_Events.xcdatamodel; sourceTree = "<group>"; };
		C033B29323E9601100726A03 /* Assets.xcassets */ = {isa = PBXFileReference; lastKnownFileType = folder.assetcatalog; name = Assets.xcassets; path = Models/Assets.xcassets; sourceTree = "<group>"; };
		C033B29623E9601100726A03 /* Base */ = {isa = PBXFileReference; lastKnownFileType = file.storyboard; name = Base; path = Base.lproj/LaunchScreen.storyboard; sourceTree = "<group>"; };
		C033B29823E9601100726A03 /* Info.plist */ = {isa = PBXFileReference; lastKnownFileType = text.plist.xml; path = Info.plist; sourceTree = "<group>"; };
		C033B29D23E9601100726A03 /* NIBM EventsTests.xctest */ = {isa = PBXFileReference; explicitFileType = wrapper.cfbundle; includeInIndex = 0; path = "NIBM EventsTests.xctest"; sourceTree = BUILT_PRODUCTS_DIR; };
		C033B2A123E9601100726A03 /* NIBM_EventsTests.swift */ = {isa = PBXFileReference; lastKnownFileType = sourcecode.swift; path = NIBM_EventsTests.swift; sourceTree = "<group>"; };
		C033B2A323E9601100726A03 /* Info.plist */ = {isa = PBXFileReference; lastKnownFileType = text.plist.xml; path = Info.plist; sourceTree = "<group>"; };
		C033B2A823E9601100726A03 /* NIBM EventsUITests.xctest */ = {isa = PBXFileReference; explicitFileType = wrapper.cfbundle; includeInIndex = 0; path = "NIBM EventsUITests.xctest"; sourceTree = BUILT_PRODUCTS_DIR; };
		C033B2AC23E9601100726A03 /* NIBM_EventsUITests.swift */ = {isa = PBXFileReference; lastKnownFileType = sourcecode.swift; path = NIBM_EventsUITests.swift; sourceTree = "<group>"; };
		C033B2AE23E9601100726A03 /* Info.plist */ = {isa = PBXFileReference; lastKnownFileType = text.plist.xml; path = Info.plist; sourceTree = "<group>"; };
		C061DD7E240454EE002E3E6E /* GoingCountStruct.swift */ = {isa = PBXFileReference; lastKnownFileType = sourcecode.swift; path = GoingCountStruct.swift; sourceTree = "<group>"; };
		C061DD802404FEED002E3E6E /* UserStruct.swift */ = {isa = PBXFileReference; lastKnownFileType = sourcecode.swift; path = UserStruct.swift; sourceTree = "<group>"; };
		C061DD82240512F0002E3E6E /* AddGoingCountDataToFirebase.swift */ = {isa = PBXFileReference; lastKnownFileType = sourcecode.swift; path = AddGoingCountDataToFirebase.swift; sourceTree = "<group>"; };
		C061DD84240518D7002E3E6E /* CreateEventStruct.swift */ = {isa = PBXFileReference; lastKnownFileType = sourcecode.swift; path = CreateEventStruct.swift; sourceTree = "<group>"; };
		C061DD8624051D65002E3E6E /* AddEventDataFireBase.swift */ = {isa = PBXFileReference; lastKnownFileType = sourcecode.swift; path = AddEventDataFireBase.swift; sourceTree = "<group>"; };
		C061DD882405AFDF002E3E6E /* RetrieveGoingDataFromFirebase.swift */ = {isa = PBXFileReference; lastKnownFileType = sourcecode.swift; path = RetrieveGoingDataFromFirebase.swift; sourceTree = "<group>"; };
		C07F199623EF2564004AD08D /* TransitionVC.swift */ = {isa = PBXFileReference; lastKnownFileType = sourcecode.swift; path = TransitionVC.swift; sourceTree = "<group>"; };
		C07F199923EF259B004AD08D /* AlertMessages.swift */ = {isa = PBXFileReference; lastKnownFileType = sourcecode.swift; path = AlertMessages.swift; sourceTree = "<group>"; };
		C07F199B23EF25E0004AD08D /* CheckPasswordAndEmail.swift */ = {isa = PBXFileReference; lastKnownFileType = sourcecode.swift; path = CheckPasswordAndEmail.swift; sourceTree = "<group>"; };
		C07F199D23EF265A004AD08D /* TouchFaceIDAuthentication.swift */ = {isa = PBXFileReference; lastKnownFileType = sourcecode.swift; path = TouchFaceIDAuthentication.swift; sourceTree = "<group>"; };
		C07F19A723EF2EF5004AD08D /* SignOutAction.swift */ = {isa = PBXFileReference; lastKnownFileType = sourcecode.swift; path = SignOutAction.swift; sourceTree = "<group>"; };
		C07F19B023F14EC9004AD08D /* TextFieldUtilities.swift */ = {isa = PBXFileReference; lastKnownFileType = sourcecode.swift; path = TextFieldUtilities.swift; sourceTree = "<group>"; };
		C07F19B523F2918E004AD08D /* PasswordUtilities.swift */ = {isa = PBXFileReference; lastKnownFileType = sourcecode.swift; path = PasswordUtilities.swift; sourceTree = "<group>"; };
		C07F19B723F29226004AD08D /* EmailUtilities.swift */ = {isa = PBXFileReference; lastKnownFileType = sourcecode.swift; path = EmailUtilities.swift; sourceTree = "<group>"; };
		C07F19BF23F39027004AD08D /* CheckUserLoginStatus.swift */ = {isa = PBXFileReference; lastKnownFileType = sourcecode.swift; path = CheckUserLoginStatus.swift; sourceTree = "<group>"; };
		C07F19C123F3D332004AD08D /* CurrentUserDataRetrivel.swift */ = {isa = PBXFileReference; lastKnownFileType = sourcecode.swift; path = CurrentUserDataRetrivel.swift; sourceTree = "<group>"; };
		C07F19C323F54562004AD08D /* UIImageUtilities.swift */ = {isa = PBXFileReference; lastKnownFileType = sourcecode.swift; path = UIImageUtilities.swift; sourceTree = "<group>"; };
		C07F19C523F55E7A004AD08D /* FloatingTextField.swift */ = {isa = PBXFileReference; lastKnownFileType = sourcecode.swift; path = FloatingTextField.swift; sourceTree = "<group>"; };
		C09DD52623ED32F300EDA0CB /* GoogleService-Info.plist */ = {isa = PBXFileReference; fileEncoding = 4; lastKnownFileType = text.plist.xml; path = "GoogleService-Info.plist"; sourceTree = "<group>"; };
		C09DD52923ED3B3200EDA0CB /* LoginViewController.swift */ = {isa = PBXFileReference; lastKnownFileType = sourcecode.swift; path = LoginViewController.swift; sourceTree = "<group>"; };
		C09DD52B23ED3B6D00EDA0CB /* SignUPViewController.swift */ = {isa = PBXFileReference; lastKnownFileType = sourcecode.swift; path = SignUPViewController.swift; sourceTree = "<group>"; };
		C09DD52E23ED46A300EDA0CB /* ButtonUtilities.swift */ = {isa = PBXFileReference; lastKnownFileType = sourcecode.swift; path = ButtonUtilities.swift; sourceTree = "<group>"; };
		C09DD53023EEFA7300EDA0CB /* PasswordForgetViewController.swift */ = {isa = PBXFileReference; lastKnownFileType = sourcecode.swift; path = PasswordForgetViewController.swift; sourceTree = "<group>"; };
		C09E107823F66C7100B26D78 /* MyProfileViewController.swift */ = {isa = PBXFileReference; lastKnownFileType = sourcecode.swift; path = MyProfileViewController.swift; sourceTree = "<group>"; };
		C09E107A23F6798E00B26D78 /* LabelUtilities.swift */ = {isa = PBXFileReference; lastKnownFileType = sourcecode.swift; path = LabelUtilities.swift; sourceTree = "<group>"; };
		C09E107C23F6B50500B26D78 /* AddEventViewController.swift */ = {isa = PBXFileReference; lastKnownFileType = sourcecode.swift; path = AddEventViewController.swift; sourceTree = "<group>"; };
		C09E10A723FBC14200B26D78 /* User.storyboard */ = {isa = PBXFileReference; fileEncoding = 4; lastKnownFileType = file.storyboard; path = User.storyboard; sourceTree = "<group>"; };
		C09E10A923FBC9E000B26D78 /* EventBoardViewController.swift */ = {isa = PBXFileReference; lastKnownFileType = sourcecode.swift; path = EventBoardViewController.swift; sourceTree = "<group>"; };
		C09E10B323FCF33E00B26D78 /* HomeTableViewCell.swift */ = {isa = PBXFileReference; lastKnownFileType = sourcecode.swift; path = HomeTableViewCell.swift; sourceTree = "<group>"; };
		C09E10B623FCF58200B26D78 /* EventModel.swift */ = {isa = PBXFileReference; lastKnownFileType = sourcecode.swift; name = EventModel.swift; path = ../Controllers/EventsControl/NewsFeed/EventModel.swift; sourceTree = "<group>"; };
		C09E10BC23FF866800B26D78 /* PublisherViewController.swift */ = {isa = PBXFileReference; lastKnownFileType = sourcecode.swift; path = PublisherViewController.swift; sourceTree = "<group>"; };
		C09E10BF23FF875A00B26D78 /* UserModel.swift */ = {isa = PBXFileReference; lastKnownFileType = sourcecode.swift; path = UserModel.swift; sourceTree = "<group>"; };
		C09E10C123FFBC5000B26D78 /* EventDetailsViewController.swift */ = {isa = PBXFileReference; lastKnownFileType = sourcecode.swift; path = EventDetailsViewController.swift; sourceTree = "<group>"; };
		CB449CFBEC948D72CC57102B /* Pods_NIBM_Events_NIBM_EventsUITests.framework */ = {isa = PBXFileReference; explicitFileType = wrapper.framework; includeInIndex = 0; path = Pods_NIBM_Events_NIBM_EventsUITests.framework; sourceTree = BUILT_PRODUCTS_DIR; };
		DA21464748A9FBCF2E21CDA6 /* Pods-NIBM Events.debug.xcconfig */ = {isa = PBXFileReference; includeInIndex = 1; lastKnownFileType = text.xcconfig; name = "Pods-NIBM Events.debug.xcconfig"; path = "Target Support Files/Pods-NIBM Events/Pods-NIBM Events.debug.xcconfig"; sourceTree = "<group>"; };
/* End PBXFileReference section */

/* Begin PBXFrameworksBuildPhase section */
		C033B28323E9601000726A03 /* Frameworks */ = {
			isa = PBXFrameworksBuildPhase;
			buildActionMask = 2147483647;
			files = (
				245C6701CB51935707456AC4 /* Pods_NIBM_Events.framework in Frameworks */,
			);
			runOnlyForDeploymentPostprocessing = 0;
		};
		C033B29A23E9601100726A03 /* Frameworks */ = {
			isa = PBXFrameworksBuildPhase;
			buildActionMask = 2147483647;
			files = (
				2C33111A57EDBFC67C7C4537 /* Pods_NIBM_EventsTests.framework in Frameworks */,
			);
			runOnlyForDeploymentPostprocessing = 0;
		};
		C033B2A523E9601100726A03 /* Frameworks */ = {
			isa = PBXFrameworksBuildPhase;
			buildActionMask = 2147483647;
			files = (
				590758E5CC2176AB44B35FFD /* Pods_NIBM_Events_NIBM_EventsUITests.framework in Frameworks */,
			);
			runOnlyForDeploymentPostprocessing = 0;
		};
/* End PBXFrameworksBuildPhase section */

/* Begin PBXGroup section */
		040A16217D92551960B7D697 /* Frameworks */ = {
			isa = PBXGroup;
			children = (
				91D6E572E173F75270BC5A7F /* Pods_NIBM_Events.framework */,
				CB449CFBEC948D72CC57102B /* Pods_NIBM_Events_NIBM_EventsUITests.framework */,
				64DDB9828C619F3F42C71AD4 /* Pods_NIBM_EventsTests.framework */,
			);
			name = Frameworks;
			sourceTree = "<group>";
		};
		2EEE3C83B4091791499176E6 /* Pods */ = {
			isa = PBXGroup;
			children = (
				DA21464748A9FBCF2E21CDA6 /* Pods-NIBM Events.debug.xcconfig */,
				BCDD54C6B36B0D637AB703AA /* Pods-NIBM Events.release.xcconfig */,
				62EEC832AC09BAFB00E0F0A1 /* Pods-NIBM Events-NIBM EventsUITests.debug.xcconfig */,
				3B597D712685FDD3E60385A5 /* Pods-NIBM Events-NIBM EventsUITests.release.xcconfig */,
				38E8F2E19FEFD04C93865504 /* Pods-NIBM EventsTests.debug.xcconfig */,
				3AF9C44B23CEDCEC13CA1A2F /* Pods-NIBM EventsTests.release.xcconfig */,
			);
			path = Pods;
			sourceTree = "<group>";
		};
		C014438724077F7E00C62AE8 /* AddEvents */ = {
			isa = PBXGroup;
			children = (
				C09E107C23F6B50500B26D78 /* AddEventViewController.swift */,
				C01443792406919400C62AE8 /* AddEventViewExtention.swift */,
			);
			path = AddEvents;
			sourceTree = "<group>";
		};
		C014438924078B1A00C62AE8 /* NewsFeedTableViewController */ = {
			isa = PBXGroup;
			children = (
				C09E10A923FBC9E000B26D78 /* EventBoardViewController.swift */,
				C01443AA240810E200C62AE8 /* EventBoardExtension.swift */,
			);
			path = NewsFeedTableViewController;
			sourceTree = "<group>";
		};
		C014438C24078B8F00C62AE8 /* NewsFeedCell */ = {
			isa = PBXGroup;
			children = (
				C09E10B323FCF33E00B26D78 /* HomeTableViewCell.swift */,
				C01443AC240811B200C62AE8 /* HomeTableExtension.swift */,
			);
			path = NewsFeedCell;
			sourceTree = "<group>";
		};
		C014438F24078BCA00C62AE8 /* EventDetails */ = {
			isa = PBXGroup;
			children = (
				C014439024078BDC00C62AE8 /* EventDetailsViewController */,
				C01443B02408179400C62AE8 /* CommentCell */,
			);
			name = EventDetails;
			path = NewsFeed/EventDetails;
			sourceTree = "<group>";
		};
		C014439024078BDC00C62AE8 /* EventDetailsViewController */ = {
			isa = PBXGroup;
			children = (
				C09E10C123FFBC5000B26D78 /* EventDetailsViewController.swift */,
				C01443A32407FAF700C62AE8 /* EventDetailsExtension.swift */,
			);
			path = EventDetailsViewController;
			sourceTree = "<group>";
		};
		C014439224078C0100C62AE8 /* UpdateEvent */ = {
			isa = PBXGroup;
			children = (
				C0144381240705AB00C62AE8 /* UpdateEventViewController.swift */,
				C01443A12407B8C800C62AE8 /* UpdateEventExtension.swift */,
			);
			path = UpdateEvent;
			sourceTree = "<group>";
		};
		C014439524078C3A00C62AE8 /* FirebaseClients */ = {
			isa = PBXGroup;
			children = (
				C061DD82240512F0002E3E6E /* AddGoingCountDataToFirebase.swift */,
				C061DD8624051D65002E3E6E /* AddEventDataFireBase.swift */,
				C061DD882405AFDF002E3E6E /* RetrieveGoingDataFromFirebase.swift */,
				C0144383240706CB00C62AE8 /* UpdateEventDataToFirebase.swift */,
				C01443A8240806EB00C62AE8 /* AddCommentsToFireBase.swift */,
				C01443B524083C3200C62AE8 /* RetrieveCurrentUserDetails.swift */,
			);
			path = FirebaseClients;
			sourceTree = "<group>";
		};
		C014439624078CB700C62AE8 /* SignUpViewController */ = {
			isa = PBXGroup;
			children = (
				C09DD52B23ED3B6D00EDA0CB /* SignUPViewController.swift */,
				C01443B72408536600C62AE8 /* SignUPExtension.swift */,
			);
			path = SignUpViewController;
			sourceTree = "<group>";
		};
		C014439924078CEA00C62AE8 /* LoginViewController */ = {
			isa = PBXGroup;
			children = (
				C09DD52923ED3B3200EDA0CB /* LoginViewController.swift */,
				C01443B92408549400C62AE8 /* LoginViewControllerExtension.swift */,
			);
			path = LoginViewController;
			sourceTree = "<group>";
		};
		C014439C24078D3600C62AE8 /* UserLoginActions */ = {
			isa = PBXGroup;
			children = (
				C07F19BF23F39027004AD08D /* CheckUserLoginStatus.swift */,
				C07F199B23EF25E0004AD08D /* CheckPasswordAndEmail.swift */,
				C07F199D23EF265A004AD08D /* TouchFaceIDAuthentication.swift */,
				C07F19A723EF2EF5004AD08D /* SignOutAction.swift */,
				C07F19C123F3D332004AD08D /* CurrentUserDataRetrivel.swift */,
			);
			path = UserLoginActions;
			sourceTree = "<group>";
		};
		C014439D24078D6500C62AE8 /* EventsControl */ = {
			isa = PBXGroup;
			children = (
				C09E10B523FCF53200B26D78 /* NewsFeed */,
				C014438F24078BCA00C62AE8 /* EventDetails */,
				C014438724077F7E00C62AE8 /* AddEvents */,
				C014439224078C0100C62AE8 /* UpdateEvent */,
				C09E10BE23FF86E200B26D78 /* PublisherProfile */,
				C07F19B223F155C0004AD08D /* MyProfile */,
			);
			path = EventsControl;
			sourceTree = "<group>";
		};
		C01443B02408179400C62AE8 /* CommentCell */ = {
			isa = PBXGroup;
			children = (
				C01443AE2408178700C62AE8 /* CommentCell.swift */,
			);
			path = CommentCell;
			sourceTree = "<group>";
		};
		C01CA939240A3A57003BA099 /* GlobalVariables */ = {
			isa = PBXGroup;
			children = (
				C061DD7E240454EE002E3E6E /* GoingCountStruct.swift */,
				C061DD84240518D7002E3E6E /* CreateEventStruct.swift */,
				C061DD802404FEED002E3E6E /* UserStruct.swift */,
				C014437E24069A2D00C62AE8 /* LocationDetails.swift */,
				C0144385240709D000C62AE8 /* UpdateEventStruct.swift */,
				C01443A6240805EB00C62AE8 /* Comments.swift */,
			);
			path = GlobalVariables;
			sourceTree = "<group>";
		};
		C01CA93E240A558B003BA099 /* Helpers */ = {
			isa = PBXGroup;
			children = (
				C07F199623EF2564004AD08D /* TransitionVC.swift */,
				C014439F2407AD6F00C62AE8 /* ImageCompress.swift */,
				C01443B3240832C900C62AE8 /* Currentdate.swift */,
				C07F199823EF2584004AD08D /* AlertsController */,
				C01CA939240A3A57003BA099 /* GlobalVariables */,
				C014439C24078D3600C62AE8 /* UserLoginActions */,
				C09DD52D23ED464C00EDA0CB /* Utilities */,
			);
			path = Helpers;
			sourceTree = "<group>";
		};
		C01CA93F240A5BBE003BA099 /* PasswordForgetViewController */ = {
			isa = PBXGroup;
			children = (
				C09DD53023EEFA7300EDA0CB /* PasswordForgetViewController.swift */,
				C01CA940240A5DBC003BA099 /* PasswordForgetViewControllerExtension.swift */,
			);
			path = PasswordForgetViewController;
			sourceTree = "<group>";
		};
		C033B27D23E9601000726A03 = {
			isa = PBXGroup;
			children = (
				C07F19A123EF2AEC004AD08D /* Controllers */,
				C07F199F23EF2ADA004AD08D /* Models */,
				C07F19A023EF2AE5004AD08D /* Views */,
				C014439524078C3A00C62AE8 /* FirebaseClients */,
				C01CA93E240A558B003BA099 /* Helpers */,
				C033B29323E9601100726A03 /* Assets.xcassets */,
				C033B28823E9601000726A03 /* NIBM Events */,
				C033B2A023E9601100726A03 /* NIBM EventsTests */,
				C033B2AB23E9601100726A03 /* NIBM EventsUITests */,
				C033B28723E9601000726A03 /* Products */,
				2EEE3C83B4091791499176E6 /* Pods */,
				C09DD52623ED32F300EDA0CB /* GoogleService-Info.plist */,
				040A16217D92551960B7D697 /* Frameworks */,
			);
			sourceTree = "<group>";
		};
		C033B28723E9601000726A03 /* Products */ = {
			isa = PBXGroup;
			children = (
				C033B28623E9601000726A03 /* NIBM Events.app */,
				C033B29D23E9601100726A03 /* NIBM EventsTests.xctest */,
				C033B2A823E9601100726A03 /* NIBM EventsUITests.xctest */,
			);
			name = Products;
			sourceTree = "<group>";
		};
		C033B28823E9601000726A03 /* NIBM Events */ = {
			isa = PBXGroup;
			children = (
				C033B28923E9601000726A03 /* AppDelegate.swift */,
				C033B29823E9601100726A03 /* Info.plist */,
				C033B29023E9601000726A03 /* NIBM_Events.xcdatamodeld */,
			);
			path = "NIBM Events";
			sourceTree = "<group>";
		};
		C033B2A023E9601100726A03 /* NIBM EventsTests */ = {
			isa = PBXGroup;
			children = (
				C033B2A123E9601100726A03 /* NIBM_EventsTests.swift */,
				C033B2A323E9601100726A03 /* Info.plist */,
			);
			path = "NIBM EventsTests";
			sourceTree = "<group>";
		};
		C033B2AB23E9601100726A03 /* NIBM EventsUITests */ = {
			isa = PBXGroup;
			children = (
				C033B2AC23E9601100726A03 /* NIBM_EventsUITests.swift */,
				C033B2AE23E9601100726A03 /* Info.plist */,
			);
			path = "NIBM EventsUITests";
			sourceTree = "<group>";
		};
		C07F199823EF2584004AD08D /* AlertsController */ = {
			isa = PBXGroup;
			children = (
				C07F199923EF259B004AD08D /* AlertMessages.swift */,
			);
			path = AlertsController;
			sourceTree = "<group>";
		};
		C07F199F23EF2ADA004AD08D /* Models */ = {
			isa = PBXGroup;
			children = (
				C09E10B623FCF58200B26D78 /* EventModel.swift */,
				C09E10BF23FF875A00B26D78 /* UserModel.swift */,
				C01443B12408198700C62AE8 /* CommentsModel.swift */,
			);
			path = Models;
			sourceTree = "<group>";
		};
		C07F19A023EF2AE5004AD08D /* Views */ = {
			isa = PBXGroup;
			children = (
				C09E10A723FBC14200B26D78 /* User.storyboard */,
				C033B28D23E9601000726A03 /* Main.storyboard */,
				C033B29523E9601100726A03 /* LaunchScreen.storyboard */,
			);
			path = Views;
			sourceTree = "<group>";
		};
		C07F19A123EF2AEC004AD08D /* Controllers */ = {
			isa = PBXGroup;
			children = (
				C07F19A423EF2BD5004AD08D /* UserAuthentication */,
				C014439D24078D6500C62AE8 /* EventsControl */,
			);
			path = Controllers;
			sourceTree = "<group>";
		};
		C07F19A423EF2BD5004AD08D /* UserAuthentication */ = {
			isa = PBXGroup;
			children = (
				C014439624078CB700C62AE8 /* SignUpViewController */,
				C014439924078CEA00C62AE8 /* LoginViewController */,
				C01CA93F240A5BBE003BA099 /* PasswordForgetViewController */,
			);
			path = UserAuthentication;
			sourceTree = "<group>";
		};
		C07F19B223F155C0004AD08D /* MyProfile */ = {
			isa = PBXGroup;
			children = (
				C09E107823F66C7100B26D78 /* MyProfileViewController.swift */,
				C01443BD2408579900C62AE8 /* MyProfileExtension.swift */,
			);
			path = MyProfile;
			sourceTree = "<group>";
		};
		C09DD52D23ED464C00EDA0CB /* Utilities */ = {
			isa = PBXGroup;
			children = (
				C09DD52E23ED46A300EDA0CB /* ButtonUtilities.swift */,
				C07F19B023F14EC9004AD08D /* TextFieldUtilities.swift */,
				C07F19B523F2918E004AD08D /* PasswordUtilities.swift */,
				C07F19B723F29226004AD08D /* EmailUtilities.swift */,
				C07F19C323F54562004AD08D /* UIImageUtilities.swift */,
				C07F19C523F55E7A004AD08D /* FloatingTextField.swift */,
				C09E107A23F6798E00B26D78 /* LabelUtilities.swift */,
			);
			path = Utilities;
			sourceTree = "<group>";
		};
		C09E10B523FCF53200B26D78 /* NewsFeed */ = {
			isa = PBXGroup;
			children = (
				C014438924078B1A00C62AE8 /* NewsFeedTableViewController */,
				C014438C24078B8F00C62AE8 /* NewsFeedCell */,
			);
			path = NewsFeed;
			sourceTree = "<group>";
		};
		C09E10BE23FF86E200B26D78 /* PublisherProfile */ = {
			isa = PBXGroup;
			children = (
				C09E10BC23FF866800B26D78 /* PublisherViewController.swift */,
				C01443BB2408571600C62AE8 /* PublisherExtrnsion.swift */,
			);
			path = PublisherProfile;
			sourceTree = "<group>";
		};
/* End PBXGroup section */

/* Begin PBXNativeTarget section */
		C033B28523E9601000726A03 /* NIBM Events */ = {
			isa = PBXNativeTarget;
			buildConfigurationList = C033B2B123E9601100726A03 /* Build configuration list for PBXNativeTarget "NIBM Events" */;
			buildPhases = (
				5C02D3D8A66223FCD12BF724 /* [CP] Check Pods Manifest.lock */,
				C033B28223E9601000726A03 /* Sources */,
				C033B28323E9601000726A03 /* Frameworks */,
				C033B28423E9601000726A03 /* Resources */,
				DF7206F11AFFAB5338AA528B /* [CP] Embed Pods Frameworks */,
			);
			buildRules = (
			);
			dependencies = (
			);
			name = "NIBM Events";
			productName = "NIBM Events";
			productReference = C033B28623E9601000726A03 /* NIBM Events.app */;
			productType = "com.apple.product-type.application";
		};
		C033B29C23E9601100726A03 /* NIBM EventsTests */ = {
			isa = PBXNativeTarget;
			buildConfigurationList = C033B2B423E9601100726A03 /* Build configuration list for PBXNativeTarget "NIBM EventsTests" */;
			buildPhases = (
				5347B69233C8BCA071B2592A /* [CP] Check Pods Manifest.lock */,
				C033B29923E9601100726A03 /* Sources */,
				C033B29A23E9601100726A03 /* Frameworks */,
				C033B29B23E9601100726A03 /* Resources */,
			);
			buildRules = (
			);
			dependencies = (
				C033B29F23E9601100726A03 /* PBXTargetDependency */,
			);
			name = "NIBM EventsTests";
			productName = "NIBM EventsTests";
			productReference = C033B29D23E9601100726A03 /* NIBM EventsTests.xctest */;
			productType = "com.apple.product-type.bundle.unit-test";
		};
		C033B2A723E9601100726A03 /* NIBM EventsUITests */ = {
			isa = PBXNativeTarget;
			buildConfigurationList = C033B2B723E9601100726A03 /* Build configuration list for PBXNativeTarget "NIBM EventsUITests" */;
			buildPhases = (
				F32FF656F4B754E035996F61 /* [CP] Check Pods Manifest.lock */,
				C033B2A423E9601100726A03 /* Sources */,
				C033B2A523E9601100726A03 /* Frameworks */,
				C033B2A623E9601100726A03 /* Resources */,
				00ED7A888888079B222D8FFD /* [CP] Embed Pods Frameworks */,
			);
			buildRules = (
			);
			dependencies = (
				C033B2AA23E9601100726A03 /* PBXTargetDependency */,
			);
			name = "NIBM EventsUITests";
			productName = "NIBM EventsUITests";
			productReference = C033B2A823E9601100726A03 /* NIBM EventsUITests.xctest */;
			productType = "com.apple.product-type.bundle.ui-testing";
		};
/* End PBXNativeTarget section */

/* Begin PBXProject section */
		C033B27E23E9601000726A03 /* Project object */ = {
			isa = PBXProject;
			attributes = {
				LastSwiftUpdateCheck = 1030;
				LastUpgradeCheck = 1030;
				ORGANIZATIONNAME = "Waruna Kaushalya";
				TargetAttributes = {
					C033B28523E9601000726A03 = {
						CreatedOnToolsVersion = 10.3;
					};
					C033B29C23E9601100726A03 = {
						CreatedOnToolsVersion = 10.3;
						TestTargetID = C033B28523E9601000726A03;
					};
					C033B2A723E9601100726A03 = {
						CreatedOnToolsVersion = 10.3;
						TestTargetID = C033B28523E9601000726A03;
					};
				};
			};
			buildConfigurationList = C033B28123E9601000726A03 /* Build configuration list for PBXProject "NIBM Events" */;
			compatibilityVersion = "Xcode 9.3";
			developmentRegion = en;
			hasScannedForEncodings = 0;
			knownRegions = (
				en,
				Base,
			);
			mainGroup = C033B27D23E9601000726A03;
			productRefGroup = C033B28723E9601000726A03 /* Products */;
			projectDirPath = "";
			projectRoot = "";
			targets = (
				C033B28523E9601000726A03 /* NIBM Events */,
				C033B29C23E9601100726A03 /* NIBM EventsTests */,
				C033B2A723E9601100726A03 /* NIBM EventsUITests */,
			);
		};
/* End PBXProject section */

/* Begin PBXResourcesBuildPhase section */
		C033B28423E9601000726A03 /* Resources */ = {
			isa = PBXResourcesBuildPhase;
			buildActionMask = 2147483647;
			files = (
				C033B29723E9601100726A03 /* LaunchScreen.storyboard in Resources */,
				C09E10A823FBC14300B26D78 /* User.storyboard in Resources */,
				C09DD52723ED32F400EDA0CB /* GoogleService-Info.plist in Resources */,
				C033B29423E9601100726A03 /* Assets.xcassets in Resources */,
				C033B28F23E9601000726A03 /* Main.storyboard in Resources */,
			);
			runOnlyForDeploymentPostprocessing = 0;
		};
		C033B29B23E9601100726A03 /* Resources */ = {
			isa = PBXResourcesBuildPhase;
			buildActionMask = 2147483647;
			files = (
			);
			runOnlyForDeploymentPostprocessing = 0;
		};
		C033B2A623E9601100726A03 /* Resources */ = {
			isa = PBXResourcesBuildPhase;
			buildActionMask = 2147483647;
			files = (
			);
			runOnlyForDeploymentPostprocessing = 0;
		};
/* End PBXResourcesBuildPhase section */

/* Begin PBXShellScriptBuildPhase section */
		00ED7A888888079B222D8FFD /* [CP] Embed Pods Frameworks */ = {
			isa = PBXShellScriptBuildPhase;
			buildActionMask = 2147483647;
			files = (
			);
			inputFileListPaths = (
				"${PODS_ROOT}/Target Support Files/Pods-NIBM Events-NIBM EventsUITests/Pods-NIBM Events-NIBM EventsUITests-frameworks-${CONFIGURATION}-input-files.xcfilelist",
			);
			name = "[CP] Embed Pods Frameworks";
			outputFileListPaths = (
				"${PODS_ROOT}/Target Support Files/Pods-NIBM Events-NIBM EventsUITests/Pods-NIBM Events-NIBM EventsUITests-frameworks-${CONFIGURATION}-output-files.xcfilelist",
			);
			runOnlyForDeploymentPostprocessing = 0;
			shellPath = /bin/sh;
			shellScript = "\"${PODS_ROOT}/Target Support Files/Pods-NIBM Events-NIBM EventsUITests/Pods-NIBM Events-NIBM EventsUITests-frameworks.sh\"\n";
			showEnvVarsInLog = 0;
		};
		5347B69233C8BCA071B2592A /* [CP] Check Pods Manifest.lock */ = {
			isa = PBXShellScriptBuildPhase;
			buildActionMask = 2147483647;
			files = (
			);
			inputFileListPaths = (
			);
			inputPaths = (
				"${PODS_PODFILE_DIR_PATH}/Podfile.lock",
				"${PODS_ROOT}/Manifest.lock",
			);
			name = "[CP] Check Pods Manifest.lock";
			outputFileListPaths = (
			);
			outputPaths = (
				"$(DERIVED_FILE_DIR)/Pods-NIBM EventsTests-checkManifestLockResult.txt",
			);
			runOnlyForDeploymentPostprocessing = 0;
			shellPath = /bin/sh;
			shellScript = "diff \"${PODS_PODFILE_DIR_PATH}/Podfile.lock\" \"${PODS_ROOT}/Manifest.lock\" > /dev/null\nif [ $? != 0 ] ; then\n    # print error to STDERR\n    echo \"error: The sandbox is not in sync with the Podfile.lock. Run 'pod install' or update your CocoaPods installation.\" >&2\n    exit 1\nfi\n# This output is used by Xcode 'outputs' to avoid re-running this script phase.\necho \"SUCCESS\" > \"${SCRIPT_OUTPUT_FILE_0}\"\n";
			showEnvVarsInLog = 0;
		};
		5C02D3D8A66223FCD12BF724 /* [CP] Check Pods Manifest.lock */ = {
			isa = PBXShellScriptBuildPhase;
			buildActionMask = 2147483647;
			files = (
			);
			inputFileListPaths = (
			);
			inputPaths = (
				"${PODS_PODFILE_DIR_PATH}/Podfile.lock",
				"${PODS_ROOT}/Manifest.lock",
			);
			name = "[CP] Check Pods Manifest.lock";
			outputFileListPaths = (
			);
			outputPaths = (
				"$(DERIVED_FILE_DIR)/Pods-NIBM Events-checkManifestLockResult.txt",
			);
			runOnlyForDeploymentPostprocessing = 0;
			shellPath = /bin/sh;
			shellScript = "diff \"${PODS_PODFILE_DIR_PATH}/Podfile.lock\" \"${PODS_ROOT}/Manifest.lock\" > /dev/null\nif [ $? != 0 ] ; then\n    # print error to STDERR\n    echo \"error: The sandbox is not in sync with the Podfile.lock. Run 'pod install' or update your CocoaPods installation.\" >&2\n    exit 1\nfi\n# This output is used by Xcode 'outputs' to avoid re-running this script phase.\necho \"SUCCESS\" > \"${SCRIPT_OUTPUT_FILE_0}\"\n";
			showEnvVarsInLog = 0;
		};
		DF7206F11AFFAB5338AA528B /* [CP] Embed Pods Frameworks */ = {
			isa = PBXShellScriptBuildPhase;
			buildActionMask = 2147483647;
			files = (
			);
			inputFileListPaths = (
				"${PODS_ROOT}/Target Support Files/Pods-NIBM Events/Pods-NIBM Events-frameworks-${CONFIGURATION}-input-files.xcfilelist",
			);
			name = "[CP] Embed Pods Frameworks";
			outputFileListPaths = (
				"${PODS_ROOT}/Target Support Files/Pods-NIBM Events/Pods-NIBM Events-frameworks-${CONFIGURATION}-output-files.xcfilelist",
			);
			runOnlyForDeploymentPostprocessing = 0;
			shellPath = /bin/sh;
			shellScript = "\"${PODS_ROOT}/Target Support Files/Pods-NIBM Events/Pods-NIBM Events-frameworks.sh\"\n";
			showEnvVarsInLog = 0;
		};
		F32FF656F4B754E035996F61 /* [CP] Check Pods Manifest.lock */ = {
			isa = PBXShellScriptBuildPhase;
			buildActionMask = 2147483647;
			files = (
			);
			inputFileListPaths = (
			);
			inputPaths = (
				"${PODS_PODFILE_DIR_PATH}/Podfile.lock",
				"${PODS_ROOT}/Manifest.lock",
			);
			name = "[CP] Check Pods Manifest.lock";
			outputFileListPaths = (
			);
			outputPaths = (
				"$(DERIVED_FILE_DIR)/Pods-NIBM Events-NIBM EventsUITests-checkManifestLockResult.txt",
			);
			runOnlyForDeploymentPostprocessing = 0;
			shellPath = /bin/sh;
			shellScript = "diff \"${PODS_PODFILE_DIR_PATH}/Podfile.lock\" \"${PODS_ROOT}/Manifest.lock\" > /dev/null\nif [ $? != 0 ] ; then\n    # print error to STDERR\n    echo \"error: The sandbox is not in sync with the Podfile.lock. Run 'pod install' or update your CocoaPods installation.\" >&2\n    exit 1\nfi\n# This output is used by Xcode 'outputs' to avoid re-running this script phase.\necho \"SUCCESS\" > \"${SCRIPT_OUTPUT_FILE_0}\"\n";
			showEnvVarsInLog = 0;
		};
/* End PBXShellScriptBuildPhase section */

/* Begin PBXSourcesBuildPhase section */
		C033B28223E9601000726A03 /* Sources */ = {
			isa = PBXSourcesBuildPhase;
			buildActionMask = 2147483647;
			files = (
				C09E10B723FCF58200B26D78 /* EventModel.swift in Sources */,
				C0144382240705AB00C62AE8 /* UpdateEventViewController.swift in Sources */,
				C014437A2406919400C62AE8 /* AddEventViewExtention.swift in Sources */,
				C09DD52F23ED46A300EDA0CB /* ButtonUtilities.swift in Sources */,
				C014437F24069A2D00C62AE8 /* LocationDetails.swift in Sources */,
				C061DD8724051D65002E3E6E /* AddEventDataFireBase.swift in Sources */,
				C01443A9240806EB00C62AE8 /* AddCommentsToFireBase.swift in Sources */,
				C01443B4240832C900C62AE8 /* Currentdate.swift in Sources */,
				C09E107D23F6B50500B26D78 /* AddEventViewController.swift in Sources */,
				C07F19B623F2918E004AD08D /* PasswordUtilities.swift in Sources */,
				C07F199A23EF259B004AD08D /* AlertMessages.swift in Sources */,
				C09E107B23F6798E00B26D78 /* LabelUtilities.swift in Sources */,
				C01443B82408536600C62AE8 /* SignUPExtension.swift in Sources */,
				C07F19B823F29226004AD08D /* EmailUtilities.swift in Sources */,
				C01443A02407AD6F00C62AE8 /* ImageCompress.swift in Sources */,
				C07F19B123F14EC9004AD08D /* TextFieldUtilities.swift in Sources */,
				C07F19C623F55E7B004AD08D /* FloatingTextField.swift in Sources */,
				C01443AB240810E200C62AE8 /* EventBoardExtension.swift in Sources */,
				C07F19C223F3D332004AD08D /* CurrentUserDataRetrivel.swift in Sources */,
				C01443BC2408571600C62AE8 /* PublisherExtrnsion.swift in Sources */,
				C01443A7240805EB00C62AE8 /* Comments.swift in Sources */,
				C01443A22407B8C800C62AE8 /* UpdateEventExtension.swift in Sources */,
				C01CA941240A5DBC003BA099 /* PasswordForgetViewControllerExtension.swift in Sources */,
				C09E10BD23FF866800B26D78 /* PublisherViewController.swift in Sources */,
				C01443BA2408549400C62AE8 /* LoginViewControllerExtension.swift in Sources */,
				C061DD892405AFDF002E3E6E /* RetrieveGoingDataFromFirebase.swift in Sources */,
				C01443A42407FAF700C62AE8 /* EventDetailsExtension.swift in Sources */,
				C061DD812404FEED002E3E6E /* UserStruct.swift in Sources */,
				C07F199723EF2564004AD08D /* TransitionVC.swift in Sources */,
				C061DD83240512F0002E3E6E /* AddGoingCountDataToFirebase.swift in Sources */,
				C09DD52C23ED3B6D00EDA0CB /* SignUPViewController.swift in Sources */,
				C01443B22408198700C62AE8 /* CommentsModel.swift in Sources */,
				C061DD85240518D7002E3E6E /* CreateEventStruct.swift in Sources */,
				C0144384240706CB00C62AE8 /* UpdateEventDataToFirebase.swift in Sources */,
				C01443BE2408579900C62AE8 /* MyProfileExtension.swift in Sources */,
				C01443B624083C3200C62AE8 /* RetrieveCurrentUserDetails.swift in Sources */,
				C09DD52A23ED3B3200EDA0CB /* LoginViewController.swift in Sources */,
				C09E10AA23FBC9E000B26D78 /* EventBoardViewController.swift in Sources */,
				C09E10B423FCF33E00B26D78 /* HomeTableViewCell.swift in Sources */,
				C09E10C023FF875A00B26D78 /* UserModel.swift in Sources */,
				C07F19A823EF2EF5004AD08D /* SignOutAction.swift in Sources */,
				C0144386240709D000C62AE8 /* UpdateEventStruct.swift in Sources */,
				C061DD7F240454EE002E3E6E /* GoingCountStruct.swift in Sources */,
				C07F19C023F39027004AD08D /* CheckUserLoginStatus.swift in Sources */,
				C033B28A23E9601000726A03 /* AppDelegate.swift in Sources */,
				C09DD53123EEFA7300EDA0CB /* PasswordForgetViewController.swift in Sources */,
				C09E107923F66C7100B26D78 /* MyProfileViewController.swift in Sources */,
				C09E10C223FFBC5100B26D78 /* EventDetailsViewController.swift in Sources */,
				C01443AD240811B200C62AE8 /* HomeTableExtension.swift in Sources */,
				C07F19C423F54562004AD08D /* UIImageUtilities.swift in Sources */,
				C01443AF2408178700C62AE8 /* CommentCell.swift in Sources */,
				C07F199E23EF265A004AD08D /* TouchFaceIDAuthentication.swift in Sources */,
				C07F199C23EF25E0004AD08D /* CheckPasswordAndEmail.swift in Sources */,
				C033B29223E9601000726A03 /* NIBM_Events.xcdatamodeld in Sources */,
			);
			runOnlyForDeploymentPostprocessing = 0;
		};
		C033B29923E9601100726A03 /* Sources */ = {
			isa = PBXSourcesBuildPhase;
			buildActionMask = 2147483647;
			files = (
				C033B2A223E9601100726A03 /* NIBM_EventsTests.swift in Sources */,
			);
			runOnlyForDeploymentPostprocessing = 0;
		};
		C033B2A423E9601100726A03 /* Sources */ = {
			isa = PBXSourcesBuildPhase;
			buildActionMask = 2147483647;
			files = (
				C033B2AD23E9601100726A03 /* NIBM_EventsUITests.swift in Sources */,
			);
			runOnlyForDeploymentPostprocessing = 0;
		};
/* End PBXSourcesBuildPhase section */

/* Begin PBXTargetDependency section */
		C033B29F23E9601100726A03 /* PBXTargetDependency */ = {
			isa = PBXTargetDependency;
			target = C033B28523E9601000726A03 /* NIBM Events */;
			targetProxy = C033B29E23E9601100726A03 /* PBXContainerItemProxy */;
		};
		C033B2AA23E9601100726A03 /* PBXTargetDependency */ = {
			isa = PBXTargetDependency;
			target = C033B28523E9601000726A03 /* NIBM Events */;
			targetProxy = C033B2A923E9601100726A03 /* PBXContainerItemProxy */;
		};
/* End PBXTargetDependency section */

/* Begin PBXVariantGroup section */
		C033B28D23E9601000726A03 /* Main.storyboard */ = {
			isa = PBXVariantGroup;
			children = (
				C033B28E23E9601000726A03 /* Base */,
			);
			name = Main.storyboard;
			sourceTree = "<group>";
		};
		C033B29523E9601100726A03 /* LaunchScreen.storyboard */ = {
			isa = PBXVariantGroup;
			children = (
				C033B29623E9601100726A03 /* Base */,
			);
			name = LaunchScreen.storyboard;
			sourceTree = "<group>";
		};
/* End PBXVariantGroup section */

/* Begin XCBuildConfiguration section */
		C033B2AF23E9601100726A03 /* Debug */ = {
			isa = XCBuildConfiguration;
			buildSettings = {
				ALWAYS_SEARCH_USER_PATHS = NO;
				CLANG_ANALYZER_NONNULL = YES;
				CLANG_ANALYZER_NUMBER_OBJECT_CONVERSION = YES_AGGRESSIVE;
				CLANG_CXX_LANGUAGE_STANDARD = "gnu++14";
				CLANG_CXX_LIBRARY = "libc++";
				CLANG_ENABLE_MODULES = YES;
				CLANG_ENABLE_OBJC_ARC = YES;
				CLANG_ENABLE_OBJC_WEAK = YES;
				CLANG_WARN_BLOCK_CAPTURE_AUTORELEASING = YES;
				CLANG_WARN_BOOL_CONVERSION = YES;
				CLANG_WARN_COMMA = YES;
				CLANG_WARN_CONSTANT_CONVERSION = YES;
				CLANG_WARN_DEPRECATED_OBJC_IMPLEMENTATIONS = YES;
				CLANG_WARN_DIRECT_OBJC_ISA_USAGE = YES_ERROR;
				CLANG_WARN_DOCUMENTATION_COMMENTS = YES;
				CLANG_WARN_EMPTY_BODY = YES;
				CLANG_WARN_ENUM_CONVERSION = YES;
				CLANG_WARN_INFINITE_RECURSION = YES;
				CLANG_WARN_INT_CONVERSION = YES;
				CLANG_WARN_NON_LITERAL_NULL_CONVERSION = YES;
				CLANG_WARN_OBJC_IMPLICIT_RETAIN_SELF = YES;
				CLANG_WARN_OBJC_LITERAL_CONVERSION = YES;
				CLANG_WARN_OBJC_ROOT_CLASS = YES_ERROR;
				CLANG_WARN_RANGE_LOOP_ANALYSIS = YES;
				CLANG_WARN_STRICT_PROTOTYPES = YES;
				CLANG_WARN_SUSPICIOUS_MOVE = YES;
				CLANG_WARN_UNGUARDED_AVAILABILITY = YES_AGGRESSIVE;
				CLANG_WARN_UNREACHABLE_CODE = YES;
				CLANG_WARN__DUPLICATE_METHOD_MATCH = YES;
				CODE_SIGN_IDENTITY = "iPhone Developer";
				COPY_PHASE_STRIP = NO;
				DEBUG_INFORMATION_FORMAT = dwarf;
				ENABLE_STRICT_OBJC_MSGSEND = YES;
				ENABLE_TESTABILITY = YES;
				GCC_C_LANGUAGE_STANDARD = gnu11;
				GCC_DYNAMIC_NO_PIC = NO;
				GCC_NO_COMMON_BLOCKS = YES;
				GCC_OPTIMIZATION_LEVEL = 0;
				GCC_PREPROCESSOR_DEFINITIONS = (
					"DEBUG=1",
					"$(inherited)",
				);
				GCC_WARN_64_TO_32_BIT_CONVERSION = YES;
				GCC_WARN_ABOUT_RETURN_TYPE = YES_ERROR;
				GCC_WARN_UNDECLARED_SELECTOR = YES;
				GCC_WARN_UNINITIALIZED_AUTOS = YES_AGGRESSIVE;
				GCC_WARN_UNUSED_FUNCTION = YES;
				GCC_WARN_UNUSED_VARIABLE = YES;
				IPHONEOS_DEPLOYMENT_TARGET = 12.4;
				MTL_ENABLE_DEBUG_INFO = INCLUDE_SOURCE;
				MTL_FAST_MATH = YES;
				ONLY_ACTIVE_ARCH = YES;
				SDKROOT = iphoneos;
				SWIFT_ACTIVE_COMPILATION_CONDITIONS = DEBUG;
				SWIFT_OPTIMIZATION_LEVEL = "-Onone";
			};
			name = Debug;
		};
		C033B2B023E9601100726A03 /* Release */ = {
			isa = XCBuildConfiguration;
			buildSettings = {
				ALWAYS_SEARCH_USER_PATHS = NO;
				CLANG_ANALYZER_NONNULL = YES;
				CLANG_ANALYZER_NUMBER_OBJECT_CONVERSION = YES_AGGRESSIVE;
				CLANG_CXX_LANGUAGE_STANDARD = "gnu++14";
				CLANG_CXX_LIBRARY = "libc++";
				CLANG_ENABLE_MODULES = YES;
				CLANG_ENABLE_OBJC_ARC = YES;
				CLANG_ENABLE_OBJC_WEAK = YES;
				CLANG_WARN_BLOCK_CAPTURE_AUTORELEASING = YES;
				CLANG_WARN_BOOL_CONVERSION = YES;
				CLANG_WARN_COMMA = YES;
				CLANG_WARN_CONSTANT_CONVERSION = YES;
				CLANG_WARN_DEPRECATED_OBJC_IMPLEMENTATIONS = YES;
				CLANG_WARN_DIRECT_OBJC_ISA_USAGE = YES_ERROR;
				CLANG_WARN_DOCUMENTATION_COMMENTS = YES;
				CLANG_WARN_EMPTY_BODY = YES;
				CLANG_WARN_ENUM_CONVERSION = YES;
				CLANG_WARN_INFINITE_RECURSION = YES;
				CLANG_WARN_INT_CONVERSION = YES;
				CLANG_WARN_NON_LITERAL_NULL_CONVERSION = YES;
				CLANG_WARN_OBJC_IMPLICIT_RETAIN_SELF = YES;
				CLANG_WARN_OBJC_LITERAL_CONVERSION = YES;
				CLANG_WARN_OBJC_ROOT_CLASS = YES_ERROR;
				CLANG_WARN_RANGE_LOOP_ANALYSIS = YES;
				CLANG_WARN_STRICT_PROTOTYPES = YES;
				CLANG_WARN_SUSPICIOUS_MOVE = YES;
				CLANG_WARN_UNGUARDED_AVAILABILITY = YES_AGGRESSIVE;
				CLANG_WARN_UNREACHABLE_CODE = YES;
				CLANG_WARN__DUPLICATE_METHOD_MATCH = YES;
				CODE_SIGN_IDENTITY = "iPhone Developer";
				COPY_PHASE_STRIP = NO;
				DEBUG_INFORMATION_FORMAT = "dwarf-with-dsym";
				ENABLE_NS_ASSERTIONS = NO;
				ENABLE_STRICT_OBJC_MSGSEND = YES;
				GCC_C_LANGUAGE_STANDARD = gnu11;
				GCC_NO_COMMON_BLOCKS = YES;
				GCC_WARN_64_TO_32_BIT_CONVERSION = YES;
				GCC_WARN_ABOUT_RETURN_TYPE = YES_ERROR;
				GCC_WARN_UNDECLARED_SELECTOR = YES;
				GCC_WARN_UNINITIALIZED_AUTOS = YES_AGGRESSIVE;
				GCC_WARN_UNUSED_FUNCTION = YES;
				GCC_WARN_UNUSED_VARIABLE = YES;
				IPHONEOS_DEPLOYMENT_TARGET = 12.4;
				MTL_ENABLE_DEBUG_INFO = NO;
				MTL_FAST_MATH = YES;
				SDKROOT = iphoneos;
				SWIFT_COMPILATION_MODE = wholemodule;
				SWIFT_OPTIMIZATION_LEVEL = "-O";
				VALIDATE_PRODUCT = YES;
			};
			name = Release;
		};
		C033B2B223E9601100726A03 /* Debug */ = {
			isa = XCBuildConfiguration;
			baseConfigurationReference = DA21464748A9FBCF2E21CDA6 /* Pods-NIBM Events.debug.xcconfig */;
			buildSettings = {
				ASSETCATALOG_COMPILER_APPICON_NAME = AppIcon;
				CODE_SIGN_STYLE = Automatic;
				INFOPLIST_FILE = "NIBM Events/Info.plist";
				LD_RUNPATH_SEARCH_PATHS = (
					"$(inherited)",
					"@executable_path/Frameworks",
				);
				PRODUCT_BUNDLE_IDENTIFIER = "com.warunak.NIBM-Events";
				PRODUCT_NAME = "$(TARGET_NAME)";
				SWIFT_VERSION = 5.0;
				TARGETED_DEVICE_FAMILY = "1,2";
			};
			name = Debug;
		};
		C033B2B323E9601100726A03 /* Release */ = {
			isa = XCBuildConfiguration;
			baseConfigurationReference = BCDD54C6B36B0D637AB703AA /* Pods-NIBM Events.release.xcconfig */;
			buildSettings = {
				ASSETCATALOG_COMPILER_APPICON_NAME = AppIcon;
				CODE_SIGN_STYLE = Automatic;
				INFOPLIST_FILE = "NIBM Events/Info.plist";
				LD_RUNPATH_SEARCH_PATHS = (
					"$(inherited)",
					"@executable_path/Frameworks",
				);
				PRODUCT_BUNDLE_IDENTIFIER = "com.warunak.NIBM-Events";
				PRODUCT_NAME = "$(TARGET_NAME)";
				SWIFT_VERSION = 5.0;
				TARGETED_DEVICE_FAMILY = "1,2";
			};
			name = Release;
		};
		C033B2B523E9601100726A03 /* Debug */ = {
			isa = XCBuildConfiguration;
			baseConfigurationReference = 38E8F2E19FEFD04C93865504 /* Pods-NIBM EventsTests.debug.xcconfig */;
			buildSettings = {
				ALWAYS_EMBED_SWIFT_STANDARD_LIBRARIES = YES;
				BUNDLE_LOADER = "$(TEST_HOST)";
				CODE_SIGN_STYLE = Automatic;
				INFOPLIST_FILE = "NIBM EventsTests/Info.plist";
				LD_RUNPATH_SEARCH_PATHS = (
					"$(inherited)",
					"@executable_path/Frameworks",
					"@loader_path/Frameworks",
				);
				PRODUCT_BUNDLE_IDENTIFIER = "com.warunak.NIBM-EventsTests";
				PRODUCT_NAME = "$(TARGET_NAME)";
				SWIFT_VERSION = 5.0;
				TARGETED_DEVICE_FAMILY = "1,2";
				TEST_HOST = "$(BUILT_PRODUCTS_DIR)/NIBM Events.app/NIBM Events";
			};
			name = Debug;
		};
		C033B2B623E9601100726A03 /* Release */ = {
			isa = XCBuildConfiguration;
			baseConfigurationReference = 3AF9C44B23CEDCEC13CA1A2F /* Pods-NIBM EventsTests.release.xcconfig */;
			buildSettings = {
				ALWAYS_EMBED_SWIFT_STANDARD_LIBRARIES = YES;
				BUNDLE_LOADER = "$(TEST_HOST)";
				CODE_SIGN_STYLE = Automatic;
				INFOPLIST_FILE = "NIBM EventsTests/Info.plist";
				LD_RUNPATH_SEARCH_PATHS = (
					"$(inherited)",
					"@executable_path/Frameworks",
					"@loader_path/Frameworks",
				);
				PRODUCT_BUNDLE_IDENTIFIER = "com.warunak.NIBM-EventsTests";
				PRODUCT_NAME = "$(TARGET_NAME)";
				SWIFT_VERSION = 5.0;
				TARGETED_DEVICE_FAMILY = "1,2";
				TEST_HOST = "$(BUILT_PRODUCTS_DIR)/NIBM Events.app/NIBM Events";
			};
			name = Release;
		};
		C033B2B823E9601100726A03 /* Debug */ = {
			isa = XCBuildConfiguration;
			baseConfigurationReference = 62EEC832AC09BAFB00E0F0A1 /* Pods-NIBM Events-NIBM EventsUITests.debug.xcconfig */;
			buildSettings = {
				ALWAYS_EMBED_SWIFT_STANDARD_LIBRARIES = YES;
				CODE_SIGN_STYLE = Automatic;
				INFOPLIST_FILE = "NIBM EventsUITests/Info.plist";
				LD_RUNPATH_SEARCH_PATHS = (
					"$(inherited)",
					"@executable_path/Frameworks",
					"@loader_path/Frameworks",
				);
				PRODUCT_BUNDLE_IDENTIFIER = "com.warunak.NIBM-EventsUITests";
				PRODUCT_NAME = "$(TARGET_NAME)";
				SWIFT_VERSION = 5.0;
				TARGETED_DEVICE_FAMILY = "1,2";
				TEST_TARGET_NAME = "NIBM Events";
			};
			name = Debug;
		};
		C033B2B923E9601100726A03 /* Release */ = {
			isa = XCBuildConfiguration;
			baseConfigurationReference = 3B597D712685FDD3E60385A5 /* Pods-NIBM Events-NIBM EventsUITests.release.xcconfig */;
			buildSettings = {
				ALWAYS_EMBED_SWIFT_STANDARD_LIBRARIES = YES;
				CODE_SIGN_STYLE = Automatic;
				INFOPLIST_FILE = "NIBM EventsUITests/Info.plist";
				LD_RUNPATH_SEARCH_PATHS = (
					"$(inherited)",
					"@executable_path/Frameworks",
					"@loader_path/Frameworks",
				);
				PRODUCT_BUNDLE_IDENTIFIER = "com.warunak.NIBM-EventsUITests";
				PRODUCT_NAME = "$(TARGET_NAME)";
				SWIFT_VERSION = 5.0;
				TARGETED_DEVICE_FAMILY = "1,2";
				TEST_TARGET_NAME = "NIBM Events";
			};
			name = Release;
		};
/* End XCBuildConfiguration section */

/* Begin XCConfigurationList section */
		C033B28123E9601000726A03 /* Build configuration list for PBXProject "NIBM Events" */ = {
			isa = XCConfigurationList;
			buildConfigurations = (
				C033B2AF23E9601100726A03 /* Debug */,
				C033B2B023E9601100726A03 /* Release */,
			);
			defaultConfigurationIsVisible = 0;
			defaultConfigurationName = Release;
		};
		C033B2B123E9601100726A03 /* Build configuration list for PBXNativeTarget "NIBM Events" */ = {
			isa = XCConfigurationList;
			buildConfigurations = (
				C033B2B223E9601100726A03 /* Debug */,
				C033B2B323E9601100726A03 /* Release */,
			);
			defaultConfigurationIsVisible = 0;
			defaultConfigurationName = Release;
		};
		C033B2B423E9601100726A03 /* Build configuration list for PBXNativeTarget "NIBM EventsTests" */ = {
			isa = XCConfigurationList;
			buildConfigurations = (
				C033B2B523E9601100726A03 /* Debug */,
				C033B2B623E9601100726A03 /* Release */,
			);
			defaultConfigurationIsVisible = 0;
			defaultConfigurationName = Release;
		};
		C033B2B723E9601100726A03 /* Build configuration list for PBXNativeTarget "NIBM EventsUITests" */ = {
			isa = XCConfigurationList;
			buildConfigurations = (
				C033B2B823E9601100726A03 /* Debug */,
				C033B2B923E9601100726A03 /* Release */,
			);
			defaultConfigurationIsVisible = 0;
			defaultConfigurationName = Release;
		};
/* End XCConfigurationList section */

/* Begin XCVersionGroup section */
		C033B29023E9601000726A03 /* NIBM_Events.xcdatamodeld */ = {
			isa = XCVersionGroup;
			children = (
				C033B29123E9601000726A03 /* NIBM_Events.xcdatamodel */,
			);
			currentVersion = C033B29123E9601000726A03 /* NIBM_Events.xcdatamodel */;
			path = NIBM_Events.xcdatamodeld;
			sourceTree = "<group>";
			versionGroupType = wrapper.xcdatamodel;
		};
/* End XCVersionGroup section */
	};
	rootObject = C033B27E23E9601000726A03 /* Project object */;
}
